
Microsoft Visual Studio Solution File, Format Version 12.00
# Visual Studio Version 17
VisualStudioVersion = 17.9.34728.123
MinimumVisualStudioVersion = 10.0.40219.1
Project("{9A19103F-16F7-4668-BE54-9A1E7A4F7556}") = "ToypadChallenge", "ToypadChallenge\ToypadChallenge.csproj", "{B74FA826-A18A-413D-9CE4-5E63E322309E}"
EndProject
Project("{FAE04EC0-301F-11D3-BF4B-00C04F79EFBC}") = "Toypad", "Toypad\Toypad.csproj", "{A2B00AD1-E2A3-4F9D-93C8-E262E2ED719D}"
EndProject
Global
	GlobalSection(SolutionConfigurationPlatforms) = preSolution
		Debug|Any CPU = Debug|Any CPU
		Release|Any CPU = Release|Any CPU
	EndGlobalSection
	GlobalSection(ProjectConfigurationPlatforms) = postSolution
		{B74FA826-A18A-413D-9CE4-5E63E322309E}.Debug|Any CPU.ActiveCfg = Debug|Any CPU
		{B74FA826-A18A-413D-9CE4-5E63E322309E}.Debug|Any CPU.Build.0 = Debug|Any CPU
		{B74FA826-A18A-413D-9CE4-5E63E322309E}.Release|Any CPU.ActiveCfg = Release|Any CPU
		{B74FA826-A18A-413D-9CE4-5E63E322309E}.Release|Any CPU.Build.0 = Release|Any CPU
		{A2B00AD1-E2A3-4F9D-93C8-E262E2ED719D}.Debug|Any CPU.ActiveCfg = Debug|Any CPU
		{A2B00AD1-E2A3-4F9D-93C8-E262E2ED719D}.Debug|Any CPU.Build.0 = Debug|Any CPU
		{A2B00AD1-E2A3-4F9D-93C8-E262E2ED719D}.Release|Any CPU.ActiveCfg = Release|Any CPU
		{A2B00AD1-E2A3-4F9D-93C8-E262E2ED719D}.Release|Any CPU.Build.0 = Release|Any CPU
	EndGlobalSection
	GlobalSection(SolutionProperties) = preSolution
		HideSolutionNode = FALSE
	EndGlobalSection
	GlobalSection(ExtensibilityGlobals) = postSolution
		SolutionGuid = {EA1DBB68-DC8E-4ABB-8D7A-669AD6C4F8CA}
	EndGlobalSection
EndGlobal
